
Microsoft Visual Studio Solution File, Format Version 12.00
# Visual Studio 2013
VisualStudioVersion = 12.0.31206.0
MinimumVisualStudioVersion = 10.0.40219.1
Project("{FAE04EC0-301F-11D3-BF4B-00C04F79EFBC}") = "SiegeOnlineServer", "SiegeOnlineServer\SiegeOnlineServer.csproj", "{8795E114-F335-4559-8EF5-03565056D347}"
	ProjectSection(ProjectDependencies) = postProject
		{AF52DC23-4239-4400-8164-6F363918363A} = {AF52DC23-4239-4400-8164-6F363918363A}
	EndProjectSection
EndProject
Project("{FAE04EC0-301F-11D3-BF4B-00C04F79EFBC}") = "SiegeOnlineServer.Protocol", "SiegeOnlineServer.Protocol\SiegeOnlineServer.Protocol.csproj", "{AF52DC23-4239-4400-8164-6F363918363A}"
EndProject
Project("{FAE04EC0-301F-11D3-BF4B-00C04F79EFBC}") = "TestClient", "..\..\TestClient\TestClient\TestClient.csproj", "{071DC009-A0EE-4A69-8EA9-85D4C96CFF4E}"
	ProjectSection(ProjectDependencies) = postProject
		{AF52DC23-4239-4400-8164-6F363918363A} = {AF52DC23-4239-4400-8164-6F363918363A}
	EndProjectSection
EndProject
Global
	GlobalSection(SolutionConfigurationPlatforms) = preSolution
		Debug|Any CPU = Debug|Any CPU
		Release|Any CPU = Release|Any CPU
	EndGlobalSection
	GlobalSection(ProjectConfigurationPlatforms) = postSolution
		{8795E114-F335-4559-8EF5-03565056D347}.Debug|Any CPU.ActiveCfg = Debug|Any CPU
		{8795E114-F335-4559-8EF5-03565056D347}.Debug|Any CPU.Build.0 = Debug|Any CPU
		{8795E114-F335-4559-8EF5-03565056D347}.Release|Any CPU.ActiveCfg = Release|Any CPU
		{8795E114-F335-4559-8EF5-03565056D347}.Release|Any CPU.Build.0 = Release|Any CPU
		{AF52DC23-4239-4400-8164-6F363918363A}.Debug|Any CPU.ActiveCfg = Debug|Any CPU
		{AF52DC23-4239-4400-8164-6F363918363A}.Debug|Any CPU.Build.0 = Debug|Any CPU
		{AF52DC23-4239-4400-8164-6F363918363A}.Release|Any CPU.ActiveCfg = Release|Any CPU
		{AF52DC23-4239-4400-8164-6F363918363A}.Release|Any CPU.Build.0 = Release|Any CPU
		{071DC009-A0EE-4A69-8EA9-85D4C96CFF4E}.Debug|Any CPU.ActiveCfg = Debug|Any CPU
		{071DC009-A0EE-4A69-8EA9-85D4C96CFF4E}.Debug|Any CPU.Build.0 = Debug|Any CPU
		{071DC009-A0EE-4A69-8EA9-85D4C96CFF4E}.Release|Any CPU.ActiveCfg = Release|Any CPU
		{071DC009-A0EE-4A69-8EA9-85D4C96CFF4E}.Release|Any CPU.Build.0 = Release|Any CPU
	EndGlobalSection
	GlobalSection(SolutionProperties) = preSolution
		HideSolutionNode = FALSE
	EndGlobalSection
EndGlobal
